{
  "name": "@molassesapp/molasses-server",
  "version": "0.3.1",
  "lockfileVersion": 1,
  "requires": true,
  "dependencies": {
    "@molassesapp/common": {
      "version": "0.2.4",
      "requires": {
        "crc-32": "^1.2.0"
      },
      "dependencies": {
        "crc-32": {
          "version": "1.2.0",
          "bundled": true,
          "requires": {
            "exit-on-epipe": "~1.0.1",
            "printj": "~1.1.0"
          }
        },
        "exit-on-epipe": {
          "version": "1.0.1",
          "bundled": true
        },
        "printj": {
          "version": "1.1.2",
          "bundled": true
        }
      }
    }
  }
}
